// !$*UTF8*$!
{
	archiveVersion = 1;
	classes = {
	};
	objectVersion = 77;
	objects = {

/* Begin PBXContainerItemProxy section */
		F4EB8E152DC120F000F21AC7 /* PBXContainerItemProxy */ = {
			isa = PBXContainerItemProxy;
			containerPortal = F4EB8DFA2DC120EF00F21AC7 /* Project object */;
			proxyType = 1;
			remoteGlobalIDString = F4EB8E012DC120EF00F21AC7;
			remoteInfo = Movify;
		};
		F4EB8E1F2DC120F000F21AC7 /* PBXContainerItemProxy */ = {
			isa = PBXContainerItemProxy;
			containerPortal = F4EB8DFA2DC120EF00F21AC7 /* Project object */;
			proxyType = 1;
			remoteGlobalIDString = F4EB8E012DC120EF00F21AC7;
			remoteInfo = Movify;
		};
/* End PBXContainerItemProxy section */

/* Begin PBXFileReference section */
		F45008792DC6975600C6F76D /* MovifyMock.app */ = {isa = PBXFileReference; explicitFileType = wrapper.application; includeInIndex = 0; path = MovifyMock.app; sourceTree = BUILT_PRODUCTS_DIR; };
		F4EB8E022DC120EF00F21AC7 /* Movify.app */ = {isa = PBXFileReference; explicitFileType = wrapper.application; includeInIndex = 0; path = Movify.app; sourceTree = BUILT_PRODUCTS_DIR; };
		F4EB8E142DC120F000F21AC7 /* MovifyTests.xctest */ = {isa = PBXFileReference; explicitFileType = wrapper.cfbundle; includeInIndex = 0; path = MovifyTests.xctest; sourceTree = BUILT_PRODUCTS_DIR; };
		F4EB8E1E2DC120F000F21AC7 /* MovifyUITests.xctest */ = {isa = PBXFileReference; explicitFileType = wrapper.cfbundle; includeInIndex = 0; path = MovifyUITests.xctest; sourceTree = BUILT_PRODUCTS_DIR; };
/* End PBXFileReference section */

/* Begin PBXFileSystemSynchronizedBuildFileExceptionSet section */
		F450088D2DC69AF200C6F76D /* Exceptions for "Movify" folder in "MovifyMock" target */ = {
			isa = PBXFileSystemSynchronizedBuildFileExceptionSet;
			membershipExceptions = (
				App/ContentView.swift,
				App/MovifyApp.swift,
				Component/HeaderView.swift,
				Component/ImageLoaderView.swift,
				Component/LoadingView.swift,
				CoreData/CoreDataManager.swift,
				CoreData/MovifyDataModel.xcdatamodeld,
				Helper/MovifyConstants.swift,
				Helper/MovifyHelper.swift,
				Helper/ScreenState.swift,
				Model/MoviesModel.swift,
				Resources/Assets.xcassets,
				Resources/MockFiles/now_playing.json,
				Resources/MockFiles/trending.json,
				Screens/BookMarks/BookmarksView.swift,
				Screens/BookMarks/BookmarkViewModel.swift,
				Screens/Common/MovieDetailView.swift,
				Screens/Common/MoviePosterView.swift,
				Screens/Common/MovieRow.swift,
				Screens/Home/HomeView.swift,
				Screens/Home/NowPlaying/NowPlayingMoviesView.swift,
				Screens/Home/NowPlaying/NowPlayingMoviesViewModel.swift,
				Screens/Home/Trending/TrendingMoviesView.swift,
				Screens/Home/Trending/TrendingMoviesViewModel.swift,
				Screens/Search/SearchView.swift,
				Screens/Search/SearchViewModel.swift,
				Services/MockDataLoader.swift,
				Services/MockTMDBClientServices.swift,
				Services/NetworkServices.swift,
				Services/TMDBClientServices.swift,
				Services/TMDBServiceProtocol.swift,
			);
			target = F45008782DC6975600C6F76D /* MovifyMock */;
		};
/* End PBXFileSystemSynchronizedBuildFileExceptionSet section */

/* Begin PBXFileSystemSynchronizedRootGroup section */
		F4EB8E042DC120EF00F21AC7 /* Movify */ = {
			isa = PBXFileSystemSynchronizedRootGroup;
			exceptions = (
				F450088D2DC69AF200C6F76D /* Exceptions for "Movify" folder in "MovifyMock" target */,
			);
			path = Movify;
			sourceTree = "<group>";
		};
		F4EB8E172DC120F000F21AC7 /* MovifyTests */ = {
			isa = PBXFileSystemSynchronizedRootGroup;
			path = MovifyTests;
			sourceTree = "<group>";
		};
		F4EB8E212DC120F000F21AC7 /* MovifyUITests */ = {
			isa = PBXFileSystemSynchronizedRootGroup;
			path = MovifyUITests;
			sourceTree = "<group>";
		};
/* End PBXFileSystemSynchronizedRootGroup section */

/* Begin PBXFrameworksBuildPhase section */
		F45008762DC6975600C6F76D /* Frameworks */ = {
			isa = PBXFrameworksBuildPhase;
			buildActionMask = 2147483647;
			files = (
			);
			runOnlyForDeploymentPostprocessing = 0;
		};
		F4EB8DFF2DC120EF00F21AC7 /* Frameworks */ = {
			isa = PBXFrameworksBuildPhase;
			buildActionMask = 2147483647;
			files = (
			);
			runOnlyForDeploymentPostprocessing = 0;
		};
		F4EB8E112DC120F000F21AC7 /* Frameworks */ = {
			isa = PBXFrameworksBuildPhase;
			buildActionMask = 2147483647;
			files = (
			);
			runOnlyForDeploymentPostprocessing = 0;
		};
		F4EB8E1B2DC120F000F21AC7 /* Frameworks */ = {
			isa = PBXFrameworksBuildPhase;
			buildActionMask = 2147483647;
			files = (
			);
			runOnlyForDeploymentPostprocessing = 0;
		};
/* End PBXFrameworksBuildPhase section */

/* Begin PBXGroup section */
		F4EB8DF92DC120EF00F21AC7 = {
			isa = PBXGroup;
			children = (
				F4EB8E042DC120EF00F21AC7 /* Movify */,
				F4EB8E172DC120F000F21AC7 /* MovifyTests */,
				F4EB8E212DC120F000F21AC7 /* MovifyUITests */,
				F4EB8E032DC120EF00F21AC7 /* Products */,
			);
			sourceTree = "<group>";
		};
		F4EB8E032DC120EF00F21AC7 /* Products */ = {
			isa = PBXGroup;
			children = (
				F4EB8E022DC120EF00F21AC7 /* Movify.app */,
				F4EB8E142DC120F000F21AC7 /* MovifyTests.xctest */,
				F4EB8E1E2DC120F000F21AC7 /* MovifyUITests.xctest */,
				F45008792DC6975600C6F76D /* MovifyMock.app */,
			);
			name = Products;
			sourceTree = "<group>";
		};
/* End PBXGroup section */

/* Begin PBXNativeTarget section */
		F45008782DC6975600C6F76D /* MovifyMock */ = {
			isa = PBXNativeTarget;
			buildConfigurationList = F45008812DC6975700C6F76D /* Build configuration list for PBXNativeTarget "MovifyMock" */;
			buildPhases = (
				F45008752DC6975600C6F76D /* Sources */,
				F45008762DC6975600C6F76D /* Frameworks */,
				F45008772DC6975600C6F76D /* Resources */,
			);
			buildRules = (
			);
			dependencies = (
			);
			name = MovifyMock;
			packageProductDependencies = (
			);
			productName = MovifyMock;
			productReference = F45008792DC6975600C6F76D /* MovifyMock.app */;
			productType = "com.apple.product-type.application";
		};
		F4EB8E012DC120EF00F21AC7 /* Movify */ = {
			isa = PBXNativeTarget;
			buildConfigurationList = F4EB8E282DC120F000F21AC7 /* Build configuration list for PBXNativeTarget "Movify" */;
			buildPhases = (
				F4EB8DFE2DC120EF00F21AC7 /* Sources */,
				F4EB8DFF2DC120EF00F21AC7 /* Frameworks */,
				F4EB8E002DC120EF00F21AC7 /* Resources */,
			);
			buildRules = (
			);
			dependencies = (
			);
			fileSystemSynchronizedGroups = (
				F4EB8E042DC120EF00F21AC7 /* Movify */,
			);
			name = Movify;
			packageProductDependencies = (
			);
			productName = Movify;
			productReference = F4EB8E022DC120EF00F21AC7 /* Movify.app */;
			productType = "com.apple.product-type.application";
		};
		F4EB8E132DC120F000F21AC7 /* MovifyTests */ = {
			isa = PBXNativeTarget;
			buildConfigurationList = F4EB8E2B2DC120F000F21AC7 /* Build configuration list for PBXNativeTarget "MovifyTests" */;
			buildPhases = (
				F4EB8E102DC120F000F21AC7 /* Sources */,
				F4EB8E112DC120F000F21AC7 /* Frameworks */,
				F4EB8E122DC120F000F21AC7 /* Resources */,
			);
			buildRules = (
			);
			dependencies = (
				F4EB8E162DC120F000F21AC7 /* PBXTargetDependency */,
			);
			fileSystemSynchronizedGroups = (
				F4EB8E172DC120F000F21AC7 /* MovifyTests */,
			);
			name = MovifyTests;
			packageProductDependencies = (
			);
			productName = MovifyTests;
			productReference = F4EB8E142DC120F000F21AC7 /* MovifyTests.xctest */;
			productType = "com.apple.product-type.bundle.unit-test";
		};
		F4EB8E1D2DC120F000F21AC7 /* MovifyUITests */ = {
			isa = PBXNativeTarget;
			buildConfigurationList = F4EB8E2E2DC120F000F21AC7 /* Build configuration list for PBXNativeTarget "MovifyUITests" */;
			buildPhases = (
				F4EB8E1A2DC120F000F21AC7 /* Sources */,
				F4EB8E1B2DC120F000F21AC7 /* Frameworks */,
				F4EB8E1C2DC120F000F21AC7 /* Resources */,
			);
			buildRules = (
			);
			dependencies = (
				F4EB8E202DC120F000F21AC7 /* PBXTargetDependency */,
			);
			fileSystemSynchronizedGroups = (
				F4EB8E212DC120F000F21AC7 /* MovifyUITests */,
			);
			name = MovifyUITests;
			packageProductDependencies = (
			);
			productName = MovifyUITests;
			productReference = F4EB8E1E2DC120F000F21AC7 /* MovifyUITests.xctest */;
			productType = "com.apple.product-type.bundle.ui-testing";
		};
/* End PBXNativeTarget section */

/* Begin PBXProject section */
		F4EB8DFA2DC120EF00F21AC7 /* Project object */ = {
			isa = PBXProject;
			attributes = {
				BuildIndependentTargetsInParallel = 1;
				LastSwiftUpdateCheck = 1630;
				LastUpgradeCheck = 1630;
				TargetAttributes = {
					F45008782DC6975600C6F76D = {
						CreatedOnToolsVersion = 16.3;
					};
					F4EB8E012DC120EF00F21AC7 = {
						CreatedOnToolsVersion = 16.3;
					};
					F4EB8E132DC120F000F21AC7 = {
						CreatedOnToolsVersion = 16.3;
						TestTargetID = F4EB8E012DC120EF00F21AC7;
					};
					F4EB8E1D2DC120F000F21AC7 = {
						CreatedOnToolsVersion = 16.3;
						TestTargetID = F4EB8E012DC120EF00F21AC7;
					};
				};
			};
			buildConfigurationList = F4EB8DFD2DC120EF00F21AC7 /* Build configuration list for PBXProject "Movify" */;
			developmentRegion = en;
			hasScannedForEncodings = 0;
			knownRegions = (
				en,
				Base,
			);
			mainGroup = F4EB8DF92DC120EF00F21AC7;
			minimizedProjectReferenceProxies = 1;
			preferredProjectObjectVersion = 77;
			productRefGroup = F4EB8E032DC120EF00F21AC7 /* Products */;
			projectDirPath = "";
			projectRoot = "";
			targets = (
				F4EB8E012DC120EF00F21AC7 /* Movify */,
				F45008782DC6975600C6F76D /* MovifyMock */,
				F4EB8E132DC120F000F21AC7 /* MovifyTests */,
				F4EB8E1D2DC120F000F21AC7 /* MovifyUITests */,
			);
		};
/* End PBXProject section */

/* Begin PBXResourcesBuildPhase section */
		F45008772DC6975600C6F76D /* Resources */ = {
			isa = PBXResourcesBuildPhase;
			buildActionMask = 2147483647;
			files = (
			);
			runOnlyForDeploymentPostprocessing = 0;
		};
		F4EB8E002DC120EF00F21AC7 /* Resources */ = {
			isa = PBXResourcesBuildPhase;
			buildActionMask = 2147483647;
			files = (
			);
			runOnlyForDeploymentPostprocessing = 0;
		};
		F4EB8E122DC120F000F21AC7 /* Resources */ = {
			isa = PBXResourcesBuildPhase;
			buildActionMask = 2147483647;
			files = (
			);
			runOnlyForDeploymentPostprocessing = 0;
		};
		F4EB8E1C2DC120F000F21AC7 /* Resources */ = {
			isa = PBXResourcesBuildPhase;
			buildActionMask = 2147483647;
			files = (
			);
			runOnlyForDeploymentPostprocessing = 0;
		};
/* End PBXResourcesBuildPhase section */

/* Begin PBXSourcesBuildPhase section */
		F45008752DC6975600C6F76D /* Sources */ = {
			isa = PBXSourcesBuildPhase;
			buildActionMask = 2147483647;
			files = (
			);
			runOnlyForDeploymentPostprocessing = 0;
		};
		F4EB8DFE2DC120EF00F21AC7 /* Sources */ = {
			isa = PBXSourcesBuildPhase;
			buildActionMask = 2147483647;
			files = (
			);
			runOnlyForDeploymentPostprocessing = 0;
		};
		F4EB8E102DC120F000F21AC7 /* Sources */ = {
			isa = PBXSourcesBuildPhase;
			buildActionMask = 2147483647;
			files = (
			);
			runOnlyForDeploymentPostprocessing = 0;
		};
		F4EB8E1A2DC120F000F21AC7 /* Sources */ = {
			isa = PBXSourcesBuildPhase;
			buildActionMask = 2147483647;
			files = (
			);
			runOnlyForDeploymentPostprocessing = 0;
		};
/* End PBXSourcesBuildPhase section */

/* Begin PBXTargetDependency section */
		F4EB8E162DC120F000F21AC7 /* PBXTargetDependency */ = {
			isa = PBXTargetDependency;
			target = F4EB8E012DC120EF00F21AC7 /* Movify */;
			targetProxy = F4EB8E152DC120F000F21AC7 /* PBXContainerItemProxy */;
		};
		F4EB8E202DC120F000F21AC7 /* PBXTargetDependency */ = {
			isa = PBXTargetDependency;
			target = F4EB8E012DC120EF00F21AC7 /* Movify */;
			targetProxy = F4EB8E1F2DC120F000F21AC7 /* PBXContainerItemProxy */;
		};
/* End PBXTargetDependency section */

/* Begin XCBuildConfiguration section */
		F45008822DC6975700C6F76D /* Debug */ = {
			isa = XCBuildConfiguration;
			buildSettings = {
				ASSETCATALOG_COMPILER_APPICON_NAME = AppIcon;
				ASSETCATALOG_COMPILER_GLOBAL_ACCENT_COLOR_NAME = AccentColor;
				CODE_SIGN_STYLE = Automatic;
				CURRENT_PROJECT_VERSION = 1;
				DEVELOPMENT_TEAM = TBVU37NRUM;
				ENABLE_PREVIEWS = YES;
				GENERATE_INFOPLIST_FILE = YES;
				INFOPLIST_FILE = "";
				INFOPLIST_KEY_CFBundleDisplayName = Movify;
				INFOPLIST_KEY_UIApplicationSceneManifest_Generation = YES;
				INFOPLIST_KEY_UIApplicationSupportsIndirectInputEvents = YES;
				INFOPLIST_KEY_UILaunchScreen_Generation = YES;
				INFOPLIST_KEY_UISupportedInterfaceOrientations_iPad = "UIInterfaceOrientationPortrait UIInterfaceOrientationPortraitUpsideDown UIInterfaceOrientationLandscapeLeft UIInterfaceOrientationLandscapeRight";
				INFOPLIST_KEY_UISupportedInterfaceOrientations_iPhone = "UIInterfaceOrientationPortrait UIInterfaceOrientationLandscapeLeft UIInterfaceOrientationLandscapeRight";
				LD_RUNPATH_SEARCH_PATHS = (
					"$(inherited)",
					"@executable_path/Frameworks",
				);
				MARKETING_VERSION = 1.0;
				OTHER_SWIFT_FLAGS = "-D MOCK";
				PRODUCT_BUNDLE_IDENTIFIER = com.personal.MovifyMock;
				PRODUCT_NAME = "$(TARGET_NAME)";
				SWIFT_EMIT_LOC_STRINGS = YES;
				SWIFT_VERSION = 5.0;
				TARGETED_DEVICE_FAMILY = "1,2";
			};
			name = Debug;
		};
		F45008832DC6975700C6F76D /* Release */ = {
			isa = XCBuildConfiguration;
			buildSettings = {
				ASSETCATALOG_COMPILER_APPICON_NAME = AppIcon;
				ASSETCATALOG_COMPILER_GLOBAL_ACCENT_COLOR_NAME = AccentColor;
				CODE_SIGN_STYLE = Automatic;
				CURRENT_PROJECT_VERSION = 1;
				DEVELOPMENT_TEAM = TBVU37NRUM;
				ENABLE_PREVIEWS = YES;
				GENERATE_INFOPLIST_FILE = YES;
				INFOPLIST_FILE = "";
				INFOPLIST_KEY_CFBundleDisplayName = Movify;
				INFOPLIST_KEY_UIApplicationSceneManifest_Generation = YES;
				INFOPLIST_KEY_UIApplicationSupportsIndirectInputEvents = YES;
				INFOPLIST_KEY_UILaunchScreen_Generation = YES;
				INFOPLIST_KEY_UISupportedInterfaceOrientations_iPad = "UIInterfaceOrientationPortrait UIInterfaceOrientationPortraitUpsideDown UIInterfaceOrientationLandscapeLeft UIInterfaceOrientationLandscapeRight";
				INFOPLIST_KEY_UISupportedInterfaceOrientations_iPhone = "UIInterfaceOrientationPortrait UIInterfaceOrientationLandscapeLeft UIInterfaceOrientationLandscapeRight";
				LD_RUNPATH_SEARCH_PATHS = (
					"$(inherited)",
					"@executable_path/Frameworks",
				);
				MARKETING_VERSION = 1.0;
				PRODUCT_BUNDLE_IDENTIFIER = com.personal.MovifyMock;
				PRODUCT_NAME = "$(TARGET_NAME)";
				SWIFT_EMIT_LOC_STRINGS = YES;
				SWIFT_VERSION = 5.0;
				TARGETED_DEVICE_FAMILY = "1,2";
			};
			name = Release;
		};
		F4EB8E262DC120F000F21AC7 /* Debug */ = {
			isa = XCBuildConfiguration;
			buildSettings = {
				ALWAYS_SEARCH_USER_PATHS = NO;
				ASSETCATALOG_COMPILER_GENERATE_SWIFT_ASSET_SYMBOL_EXTENSIONS = YES;
				CLANG_ANALYZER_NONNULL = YES;
				CLANG_ANALYZER_NUMBER_OBJECT_CONVERSION = YES_AGGRESSIVE;
				CLANG_CXX_LANGUAGE_STANDARD = "gnu++20";
				CLANG_ENABLE_MODULES = YES;
				CLANG_ENABLE_OBJC_ARC = YES;
				CLANG_ENABLE_OBJC_WEAK = YES;
				CLANG_WARN_BLOCK_CAPTURE_AUTORELEASING = YES;
				CLANG_WARN_BOOL_CONVERSION = YES;
				CLANG_WARN_COMMA = YES;
				CLANG_WARN_CONSTANT_CONVERSION = YES;
				CLANG_WARN_DEPRECATED_OBJC_IMPLEMENTATIONS = YES;
				CLANG_WARN_DIRECT_OBJC_ISA_USAGE = YES_ERROR;
				CLANG_WARN_DOCUMENTATION_COMMENTS = YES;
				CLANG_WARN_EMPTY_BODY = YES;
				CLANG_WARN_ENUM_CONVERSION = YES;
				CLANG_WARN_INFINITE_RECURSION = YES;
				CLANG_WARN_INT_CONVERSION = YES;
				CLANG_WARN_NON_LITERAL_NULL_CONVERSION = YES;
				CLANG_WARN_OBJC_IMPLICIT_RETAIN_SELF = YES;
				CLANG_WARN_OBJC_LITERAL_CONVERSION = YES;
				CLANG_WARN_OBJC_ROOT_CLASS = YES_ERROR;
				CLANG_WARN_QUOTED_INCLUDE_IN_FRAMEWORK_HEADER = YES;
				CLANG_WARN_RANGE_LOOP_ANALYSIS = YES;
				CLANG_WARN_STRICT_PROTOTYPES = YES;
				CLANG_WARN_SUSPICIOUS_MOVE = YES;
				CLANG_WARN_UNGUARDED_AVAILABILITY = YES_AGGRESSIVE;
				CLANG_WARN_UNREACHABLE_CODE = YES;
				CLANG_WARN__DUPLICATE_METHOD_MATCH = YES;
				COPY_PHASE_STRIP = NO;
				DEBUG_INFORMATION_FORMAT = dwarf;
				DEVELOPMENT_TEAM = TBVU37NRUM;
				ENABLE_STRICT_OBJC_MSGSEND = YES;
				ENABLE_TESTABILITY = YES;
				ENABLE_USER_SCRIPT_SANDBOXING = YES;
				GCC_C_LANGUAGE_STANDARD = gnu17;
				GCC_DYNAMIC_NO_PIC = NO;
				GCC_NO_COMMON_BLOCKS = YES;
				GCC_OPTIMIZATION_LEVEL = 0;
				GCC_PREPROCESSOR_DEFINITIONS = (
					"DEBUG=1",
					"$(inherited)",
				);
				GCC_WARN_64_TO_32_BIT_CONVERSION = YES;
				GCC_WARN_ABOUT_RETURN_TYPE = YES_ERROR;
				GCC_WARN_UNDECLARED_SELECTOR = YES;
				GCC_WARN_UNINITIALIZED_AUTOS = YES_AGGRESSIVE;
				GCC_WARN_UNUSED_FUNCTION = YES;
				GCC_WARN_UNUSED_VARIABLE = YES;
				INFOPLIST_FILE = Movify/Info.plist;
				IPHONEOS_DEPLOYMENT_TARGET = 18.4;
				LOCALIZATION_PREFERS_STRING_CATALOGS = YES;
				MTL_ENABLE_DEBUG_INFO = INCLUDE_SOURCE;
				MTL_FAST_MATH = YES;
				ONLY_ACTIVE_ARCH = YES;
				SDKROOT = iphoneos;
				SWIFT_ACTIVE_COMPILATION_CONDITIONS = "DEBUG $(inherited)";
				SWIFT_OPTIMIZATION_LEVEL = "-Onone";
			};
			name = Debug;
		};
		F4EB8E272DC120F000F21AC7 /* Release */ = {
			isa = XCBuildConfiguration;
			buildSettings = {
				ALWAYS_SEARCH_USER_PATHS = NO;
				ASSETCATALOG_COMPILER_GENERATE_SWIFT_ASSET_SYMBOL_EXTENSIONS = YES;
				CLANG_ANALYZER_NONNULL = YES;
				CLANG_ANALYZER_NUMBER_OBJECT_CONVERSION = YES_AGGRESSIVE;
				CLANG_CXX_LANGUAGE_STANDARD = "gnu++20";
				CLANG_ENABLE_MODULES = YES;
				CLANG_ENABLE_OBJC_ARC = YES;
				CLANG_ENABLE_OBJC_WEAK = YES;
				CLANG_WARN_BLOCK_CAPTURE_AUTORELEASING = YES;
				CLANG_WARN_BOOL_CONVERSION = YES;
				CLANG_WARN_COMMA = YES;
				CLANG_WARN_CONSTANT_CONVERSION = YES;
				CLANG_WARN_DEPRECATED_OBJC_IMPLEMENTATIONS = YES;
				CLANG_WARN_DIRECT_OBJC_ISA_USAGE = YES_ERROR;
				CLANG_WARN_DOCUMENTATION_COMMENTS = YES;
				CLANG_WARN_EMPTY_BODY = YES;
				CLANG_WARN_ENUM_CONVERSION = YES;
				CLANG_WARN_INFINITE_RECURSION = YES;
				CLANG_WARN_INT_CONVERSION = YES;
				CLANG_WARN_NON_LITERAL_NULL_CONVERSION = YES;
				CLANG_WARN_OBJC_IMPLICIT_RETAIN_SELF = YES;
				CLANG_WARN_OBJC_LITERAL_CONVERSION = YES;
				CLANG_WARN_OBJC_ROOT_CLASS = YES_ERROR;
				CLANG_WARN_QUOTED_INCLUDE_IN_FRAMEWORK_HEADER = YES;
				CLANG_WARN_RANGE_LOOP_ANALYSIS = YES;
				CLANG_WARN_STRICT_PROTOTYPES = YES;
				CLANG_WARN_SUSPICIOUS_MOVE = YES;
				CLANG_WARN_UNGUARDED_AVAILABILITY = YES_AGGRESSIVE;
				CLANG_WARN_UNREACHABLE_CODE = YES;
				CLANG_WARN__DUPLICATE_METHOD_MATCH = YES;
				COPY_PHASE_STRIP = NO;
				DEBUG_INFORMATION_FORMAT = "dwarf-with-dsym";
				DEVELOPMENT_TEAM = TBVU37NRUM;
				ENABLE_NS_ASSERTIONS = NO;
				ENABLE_STRICT_OBJC_MSGSEND = YES;
				ENABLE_USER_SCRIPT_SANDBOXING = YES;
				GCC_C_LANGUAGE_STANDARD = gnu17;
				GCC_NO_COMMON_BLOCKS = YES;
				GCC_WARN_64_TO_32_BIT_CONVERSION = YES;
				GCC_WARN_ABOUT_RETURN_TYPE = YES_ERROR;
				GCC_WARN_UNDECLARED_SELECTOR = YES;
				GCC_WARN_UNINITIALIZED_AUTOS = YES_AGGRESSIVE;
				GCC_WARN_UNUSED_FUNCTION = YES;
				GCC_WARN_UNUSED_VARIABLE = YES;
				INFOPLIST_FILE = Movify/Info.plist;
				IPHONEOS_DEPLOYMENT_TARGET = 18.4;
				LOCALIZATION_PREFERS_STRING_CATALOGS = YES;
				MTL_ENABLE_DEBUG_INFO = NO;
				MTL_FAST_MATH = YES;
				SDKROOT = iphoneos;
				SWIFT_COMPILATION_MODE = wholemodule;
				VALIDATE_PRODUCT = YES;
			};
			name = Release;
		};
		F4EB8E292DC120F000F21AC7 /* Debug */ = {
			isa = XCBuildConfiguration;
			buildSettings = {
				ASSETCATALOG_COMPILER_APPICON_NAME = AppIcon;
				ASSETCATALOG_COMPILER_GLOBAL_ACCENT_COLOR_NAME = AccentColor;
				CODE_SIGN_STYLE = Automatic;
				CURRENT_PROJECT_VERSION = 1;
				DEVELOPMENT_TEAM = TBVU37NRUM;
				ENABLE_PREVIEWS = YES;
				GENERATE_INFOPLIST_FILE = YES;
				INFOPLIST_FILE = "";
				INFOPLIST_KEY_UIApplicationSceneManifest_Generation = YES;
				INFOPLIST_KEY_UIApplicationSupportsIndirectInputEvents = YES;
				INFOPLIST_KEY_UILaunchScreen_Generation = YES;
				INFOPLIST_KEY_UISupportedInterfaceOrientations_iPad = "UIInterfaceOrientationPortrait UIInterfaceOrientationPortraitUpsideDown UIInterfaceOrientationLandscapeLeft UIInterfaceOrientationLandscapeRight";
				INFOPLIST_KEY_UISupportedInterfaceOrientations_iPhone = "UIInterfaceOrientationPortrait UIInterfaceOrientationLandscapeLeft UIInterfaceOrientationLandscapeRight";
				IPHONEOS_DEPLOYMENT_TARGET = 16.6;
				LD_RUNPATH_SEARCH_PATHS = (
					"$(inherited)",
					"@executable_path/Frameworks",
				);
				MARKETING_VERSION = 1.0;
				PRODUCT_BUNDLE_IDENTIFIER = com.personal.Movify;
				PRODUCT_NAME = "$(TARGET_NAME)";
				SWIFT_EMIT_LOC_STRINGS = YES;
				SWIFT_VERSION = 5.0;
				TARGETED_DEVICE_FAMILY = "1,2";
			};
			name = Debug;
		};
		F4EB8E2A2DC120F000F21AC7 /* Release */ = {
			isa = XCBuildConfiguration;
			buildSettings = {
				ASSETCATALOG_COMPILER_APPICON_NAME = AppIcon;
				ASSETCATALOG_COMPILER_GLOBAL_ACCENT_COLOR_NAME = AccentColor;
				CODE_SIGN_STYLE = Automatic;
				CURRENT_PROJECT_VERSION = 1;
				DEVELOPMENT_TEAM = TBVU37NRUM;
				ENABLE_PREVIEWS = YES;
				GENERATE_INFOPLIST_FILE = YES;
				INFOPLIST_FILE = "";
				INFOPLIST_KEY_UIApplicationSceneManifest_Generation = YES;
				INFOPLIST_KEY_UIApplicationSupportsIndirectInputEvents = YES;
				INFOPLIST_KEY_UILaunchScreen_Generation = YES;
				INFOPLIST_KEY_UISupportedInterfaceOrientations_iPad = "UIInterfaceOrientationPortrait UIInterfaceOrientationPortraitUpsideDown UIInterfaceOrientationLandscapeLeft UIInterfaceOrientationLandscapeRight";
				INFOPLIST_KEY_UISupportedInterfaceOrientations_iPhone = "UIInterfaceOrientationPortrait UIInterfaceOrientationLandscapeLeft UIInterfaceOrientationLandscapeRight";
				IPHONEOS_DEPLOYMENT_TARGET = 16.6;
				LD_RUNPATH_SEARCH_PATHS = (
					"$(inherited)",
					"@executable_path/Frameworks",
				);
				MARKETING_VERSION = 1.0;
				PRODUCT_BUNDLE_IDENTIFIER = com.personal.Movify;
				PRODUCT_NAME = "$(TARGET_NAME)";
				SWIFT_EMIT_LOC_STRINGS = YES;
				SWIFT_VERSION = 5.0;
				TARGETED_DEVICE_FAMILY = "1,2";
			};
			name = Release;
		};
		F4EB8E2C2DC120F000F21AC7 /* Debug */ = {
			isa = XCBuildConfiguration;
			buildSettings = {
				BUNDLE_LOADER = "$(TEST_HOST)";
				CODE_SIGN_STYLE = Automatic;
				CURRENT_PROJECT_VERSION = 1;
				DEVELOPMENT_TEAM = TBVU37NRUM;
				GENERATE_INFOPLIST_FILE = YES;
				INFOPLIST_FILE = "";
				IPHONEOS_DEPLOYMENT_TARGET = 18.4;
				MARKETING_VERSION = 1.0;
				PRODUCT_BUNDLE_IDENTIFIER = com.personal.MovifyTests;
				PRODUCT_NAME = "$(TARGET_NAME)";
				SWIFT_EMIT_LOC_STRINGS = NO;
				SWIFT_VERSION = 5.0;
				TARGETED_DEVICE_FAMILY = "1,2";
				TEST_HOST = "$(BUILT_PRODUCTS_DIR)/Movify.app/$(BUNDLE_EXECUTABLE_FOLDER_PATH)/Movify";
			};
			name = Debug;
		};
		F4EB8E2D2DC120F000F21AC7 /* Release */ = {
			isa = XCBuildConfiguration;
			buildSettings = {
				BUNDLE_LOADER = "$(TEST_HOST)";
				CODE_SIGN_STYLE = Automatic;
				CURRENT_PROJECT_VERSION = 1;
				DEVELOPMENT_TEAM = TBVU37NRUM;
				GENERATE_INFOPLIST_FILE = YES;
				INFOPLIST_FILE = "";
				IPHONEOS_DEPLOYMENT_TARGET = 18.4;
				MARKETING_VERSION = 1.0;
				PRODUCT_BUNDLE_IDENTIFIER = com.personal.MovifyTests;
				PRODUCT_NAME = "$(TARGET_NAME)";
				SWIFT_EMIT_LOC_STRINGS = NO;
				SWIFT_VERSION = 5.0;
				TARGETED_DEVICE_FAMILY = "1,2";
				TEST_HOST = "$(BUILT_PRODUCTS_DIR)/Movify.app/$(BUNDLE_EXECUTABLE_FOLDER_PATH)/Movify";
			};
			name = Release;
		};
		F4EB8E2F2DC120F000F21AC7 /* Debug */ = {
			isa = XCBuildConfiguration;
			buildSettings = {
				CODE_SIGN_STYLE = Automatic;
				CURRENT_PROJECT_VERSION = 1;
				DEVELOPMENT_TEAM = TBVU37NRUM;
				GENERATE_INFOPLIST_FILE = YES;
				INFOPLIST_FILE = "";
				MARKETING_VERSION = 1.0;
				PRODUCT_BUNDLE_IDENTIFIER = com.personal.MovifyUITests;
				PRODUCT_NAME = "$(TARGET_NAME)";
				SWIFT_EMIT_LOC_STRINGS = NO;
				SWIFT_VERSION = 5.0;
				TARGETED_DEVICE_FAMILY = "1,2";
				TEST_TARGET_NAME = Movify;
			};
			name = Debug;
		};
		F4EB8E302DC120F000F21AC7 /* Release */ = {
			isa = XCBuildConfiguration;
			buildSettings = {
				CODE_SIGN_STYLE = Automatic;
				CURRENT_PROJECT_VERSION = 1;
				DEVELOPMENT_TEAM = TBVU37NRUM;
				GENERATE_INFOPLIST_FILE = YES;
				INFOPLIST_FILE = "";
				MARKETING_VERSION = 1.0;
				PRODUCT_BUNDLE_IDENTIFIER = com.personal.MovifyUITests;
				PRODUCT_NAME = "$(TARGET_NAME)";
				SWIFT_EMIT_LOC_STRINGS = NO;
				SWIFT_VERSION = 5.0;
				TARGETED_DEVICE_FAMILY = "1,2";
				TEST_TARGET_NAME = Movify;
			};
			name = Release;
		};
/* End XCBuildConfiguration section */

/* Begin XCConfigurationList section */
		F45008812DC6975700C6F76D /* Build configuration list for PBXNativeTarget "MovifyMock" */ = {
			isa = XCConfigurationList;
			buildConfigurations = (
				F45008822DC6975700C6F76D /* Debug */,
				F45008832DC6975700C6F76D /* Release */,
			);
			defaultConfigurationIsVisible = 0;
			defaultConfigurationName = Release;
		};
		F4EB8DFD2DC120EF00F21AC7 /* Build configuration list for PBXProject "Movify" */ = {
			isa = XCConfigurationList;
			buildConfigurations = (
				F4EB8E262DC120F000F21AC7 /* Debug */,
				F4EB8E272DC120F000F21AC7 /* Release */,
			);
			defaultConfigurationIsVisible = 0;
			defaultConfigurationName = Release;
		};
		F4EB8E282DC120F000F21AC7 /* Build configuration list for PBXNativeTarget "Movify" */ = {
			isa = XCConfigurationList;
			buildConfigurations = (
				F4EB8E292DC120F000F21AC7 /* Debug */,
				F4EB8E2A2DC120F000F21AC7 /* Release */,
			);
			defaultConfigurationIsVisible = 0;
			defaultConfigurationName = Release;
		};
		F4EB8E2B2DC120F000F21AC7 /* Build configuration list for PBXNativeTarget "MovifyTests" */ = {
			isa = XCConfigurationList;
			buildConfigurations = (
				F4EB8E2C2DC120F000F21AC7 /* Debug */,
				F4EB8E2D2DC120F000F21AC7 /* Release */,
			);
			defaultConfigurationIsVisible = 0;
			defaultConfigurationName = Release;
		};
		F4EB8E2E2DC120F000F21AC7 /* Build configuration list for PBXNativeTarget "MovifyUITests" */ = {
			isa = XCConfigurationList;
			buildConfigurations = (
				F4EB8E2F2DC120F000F21AC7 /* Debug */,
				F4EB8E302DC120F000F21AC7 /* Release */,
			);
			defaultConfigurationIsVisible = 0;
			defaultConfigurationName = Release;
		};
/* End XCConfigurationList section */
	};
	rootObject = F4EB8DFA2DC120EF00F21AC7 /* Project object */;
}
